
Microsoft Visual Studio Solution File, Format Version 12.00
# Visual Studio Version 17
VisualStudioVersion = 17.3.32929.385
MinimumVisualStudioVersion = 10.0.40219.1
Project("{FAE04EC0-301F-11D3-BF4B-00C04F79EFBC}") = "calc.itog", "calc.itog\calc.itog.csproj", "{DA02178C-7AC0-446B-A7D9-3E8DEDDDB4CB}"
EndProject
Global
	GlobalSection(SolutionConfigurationPlatforms) = preSolution
		Debug|Any CPU = Debug|Any CPU
		Release|Any CPU = Release|Any CPU
	EndGlobalSection
	GlobalSection(ProjectConfigurationPlatforms) = postSolution
		{DA02178C-7AC0-446B-A7D9-3E8DEDDDB4CB}.Debug|Any CPU.ActiveCfg = Debug|Any CPU
		{DA02178C-7AC0-446B-A7D9-3E8DEDDDB4CB}.Debug|Any CPU.Build.0 = Debug|Any CPU
		{DA02178C-7AC0-446B-A7D9-3E8DEDDDB4CB}.Release|Any CPU.ActiveCfg = Release|Any CPU
		{DA02178C-7AC0-446B-A7D9-3E8DEDDDB4CB}.Release|Any CPU.Build.0 = Release|Any CPU
	EndGlobalSection
	GlobalSection(SolutionProperties) = preSolution
		HideSolutionNode = FALSE
	EndGlobalSection
	GlobalSection(ExtensibilityGlobals) = postSolution
		SolutionGuid = {F8BE1C7C-5E33-4154-8D76-91072D543820}
	EndGlobalSection
EndGlobal
